
Microsoft Visual Studio Solution File, Format Version 12.00
# Visual Studio 15
VisualStudioVersion = 15.0.27130.2027
MinimumVisualStudioVersion = 10.0.40219.1
Project("{FAE04EC0-301F-11D3-BF4B-00C04F79EFBC}") = "NieR_Automata_Editor", "NieR_Automata_Editor\NieR_Automata_Editor.csproj", "{2796BA9D-00AB-4E93-8FA9-20BAD9E663F7}"
EndProject
Global
	GlobalSection(SolutionConfigurationPlatforms) = preSolution
		Debug|Any CPU = Debug|Any CPU
		Release|Any CPU = Release|Any CPU
	EndGlobalSection
	GlobalSection(ProjectConfigurationPlatforms) = postSolution
		{2796BA9D-00AB-4E93-8FA9-20BAD9E663F7}.Debug|Any CPU.ActiveCfg = Debug|Any CPU
		{2796BA9D-00AB-4E93-8FA9-20BAD9E663F7}.Debug|Any CPU.Build.0 = Debug|Any CPU
		{2796BA9D-00AB-4E93-8FA9-20BAD9E663F7}.Release|Any CPU.ActiveCfg = Release|Any CPU
		{2796BA9D-00AB-4E93-8FA9-20BAD9E663F7}.Release|Any CPU.Build.0 = Release|Any CPU
	EndGlobalSection
	GlobalSection(SolutionProperties) = preSolution
		HideSolutionNode = FALSE
	EndGlobalSection
	GlobalSection(ExtensibilityGlobals) = postSolution
		SolutionGuid = {6DC56674-9984-47C4-9936-1BF509D2CEFA}
	EndGlobalSection
EndGlobal
